
Microsoft Visual Studio Solution File, Format Version 12.00
# Visual Studio Version 17
VisualStudioVersion = 17.0.31903.59
MinimumVisualStudioVersion = 10.0.40219.1
Project("{2150E333-8FDC-42A3-9474-1A3956D46DE8}") = "src", "src", "{A0577CAB-895A-4441-9F69-F780A9260E8D}"
EndProject
Project("{FAE04EC0-301F-11D3-BF4B-00C04F79EFBC}") = "BookStore.Api", "src\BookStore.Api\BookStore.Api.csproj", "{E43AC257-3023-40B7-AC47-844D19392D3A}"
EndProject
Project("{FAE04EC0-301F-11D3-BF4B-00C04F79EFBC}") = "BookStore.Domain", "src\BookStore.Domain\BookStore.Domain.csproj", "{8176B7E2-A1E6-4C97-8F96-21F041AECDAA}"
EndProject
Project("{FAE04EC0-301F-11D3-BF4B-00C04F79EFBC}") = "BookStore.Infrastructure", "src\BookStore.Infrastructure\BookStore.Infrastructure.csproj", "{263A8437-EB13-413D-AE0D-93AEAAD46270}"
EndProject
Global
	GlobalSection(SolutionConfigurationPlatforms) = preSolution
		Debug|Any CPU = Debug|Any CPU
		Release|Any CPU = Release|Any CPU
	EndGlobalSection
	GlobalSection(SolutionProperties) = preSolution
		HideSolutionNode = FALSE
	EndGlobalSection
	GlobalSection(ProjectConfigurationPlatforms) = postSolution
		{E43AC257-3023-40B7-AC47-844D19392D3A}.Debug|Any CPU.ActiveCfg = Debug|Any CPU
		{E43AC257-3023-40B7-AC47-844D19392D3A}.Debug|Any CPU.Build.0 = Debug|Any CPU
		{E43AC257-3023-40B7-AC47-844D19392D3A}.Release|Any CPU.ActiveCfg = Release|Any CPU
		{E43AC257-3023-40B7-AC47-844D19392D3A}.Release|Any CPU.Build.0 = Release|Any CPU
		{8176B7E2-A1E6-4C97-8F96-21F041AECDAA}.Debug|Any CPU.ActiveCfg = Debug|Any CPU
		{8176B7E2-A1E6-4C97-8F96-21F041AECDAA}.Debug|Any CPU.Build.0 = Debug|Any CPU
		{8176B7E2-A1E6-4C97-8F96-21F041AECDAA}.Release|Any CPU.ActiveCfg = Release|Any CPU
		{8176B7E2-A1E6-4C97-8F96-21F041AECDAA}.Release|Any CPU.Build.0 = Release|Any CPU
		{263A8437-EB13-413D-AE0D-93AEAAD46270}.Debug|Any CPU.ActiveCfg = Debug|Any CPU
		{263A8437-EB13-413D-AE0D-93AEAAD46270}.Debug|Any CPU.Build.0 = Debug|Any CPU
		{263A8437-EB13-413D-AE0D-93AEAAD46270}.Release|Any CPU.ActiveCfg = Release|Any CPU
		{263A8437-EB13-413D-AE0D-93AEAAD46270}.Release|Any CPU.Build.0 = Release|Any CPU
	EndGlobalSection
	GlobalSection(NestedProjects) = preSolution
		{E43AC257-3023-40B7-AC47-844D19392D3A} = {A0577CAB-895A-4441-9F69-F780A9260E8D}
		{8176B7E2-A1E6-4C97-8F96-21F041AECDAA} = {A0577CAB-895A-4441-9F69-F780A9260E8D}
		{263A8437-EB13-413D-AE0D-93AEAAD46270} = {A0577CAB-895A-4441-9F69-F780A9260E8D}
	EndGlobalSection
EndGlobal
